
Microsoft Visual Studio Solution File, Format Version 12.00
# Visual Studio Version 17
VisualStudioVersion = 17.14.36109.1 d17.14
MinimumVisualStudioVersion = 10.0.40219.1
Project("{FAE04EC0-301F-11D3-BF4B-00C04F79EFBC}") = "TaskManager", "TaskManager\TaskManager.csproj", "{33D2C0B6-D619-4F6C-9AC7-9350548A3F4C}"
EndProject
Global
	GlobalSection(SolutionConfigurationPlatforms) = preSolution
		Debug|Any CPU = Debug|Any CPU
		Release|Any CPU = Release|Any CPU
	EndGlobalSection
	GlobalSection(ProjectConfigurationPlatforms) = postSolution
		{33D2C0B6-D619-4F6C-9AC7-9350548A3F4C}.Debug|Any CPU.ActiveCfg = Debug|Any CPU
		{33D2C0B6-D619-4F6C-9AC7-9350548A3F4C}.Debug|Any CPU.Build.0 = Debug|Any CPU
		{33D2C0B6-D619-4F6C-9AC7-9350548A3F4C}.Release|Any CPU.ActiveCfg = Release|Any CPU
		{33D2C0B6-D619-4F6C-9AC7-9350548A3F4C}.Release|Any CPU.Build.0 = Release|Any CPU
	EndGlobalSection
	GlobalSection(SolutionProperties) = preSolution
		HideSolutionNode = FALSE
	EndGlobalSection
	GlobalSection(ExtensibilityGlobals) = postSolution
		SolutionGuid = {78951607-93AD-4CAE-8913-218259F004B7}
	EndGlobalSection
EndGlobal
